// !$*UTF8*$!
{
	archiveVersion = 1;
	classes = {
	};
	objectVersion = 50;
	objects = {

/* Begin PBXBuildFile section */
		150A646A2077FFD20002A9A3 /* AppDelegate.swift in Sources */ = {isa = PBXBuildFile; fileRef = 150A64692077FFD20002A9A3 /* AppDelegate.swift */; };
		150A646C2077FFD20002A9A3 /* ViewController.swift in Sources */ = {isa = PBXBuildFile; fileRef = 150A646B2077FFD20002A9A3 /* ViewController.swift */; };
		150A646F2077FFD20002A9A3 /* Main.storyboard in Resources */ = {isa = PBXBuildFile; fileRef = 150A646D2077FFD20002A9A3 /* Main.storyboard */; };
		150A64722077FFD20002A9A3 /* _3_playvideo.xcdatamodeld in Sources */ = {isa = PBXBuildFile; fileRef = 150A64702077FFD20002A9A3 /* _3_playvideo.xcdatamodeld */; };
		150A64742077FFD30002A9A3 /* Assets.xcassets in Resources */ = {isa = PBXBuildFile; fileRef = 150A64732077FFD30002A9A3 /* Assets.xcassets */; };
		150A64772077FFD30002A9A3 /* LaunchScreen.storyboard in Resources */ = {isa = PBXBuildFile; fileRef = 150A64752077FFD30002A9A3 /* LaunchScreen.storyboard */; };
		150A647F207805D60002A9A3 /* zone.mp4 in Resources */ = {isa = PBXBuildFile; fileRef = 150A647E207800FD0002A9A3 /* zone.mp4 */; };
/* End PBXBuildFile section */

/* Begin PBXFileReference section */
		150A64662077FFD20002A9A3 /* 03 playvideo.app */ = {isa = PBXFileReference; explicitFileType = wrapper.application; includeInIndex = 0; path = "03 playvideo.app"; sourceTree = BUILT_PRODUCTS_DIR; };
		150A64692077FFD20002A9A3 /* AppDelegate.swift */ = {isa = PBXFileReference; lastKnownFileType = sourcecode.swift; path = AppDelegate.swift; sourceTree = "<group>"; };
		150A646B2077FFD20002A9A3 /* ViewController.swift */ = {isa = PBXFileReference; lastKnownFileType = sourcecode.swift; path = ViewController.swift; sourceTree = "<group>"; };
		150A646E2077FFD20002A9A3 /* Base */ = {isa = PBXFileReference; lastKnownFileType = file.storyboard; name = Base; path = Base.lproj/Main.storyboard; sourceTree = "<group>"; };
		150A64712077FFD20002A9A3 /* _3_playvideo.xcdatamodel */ = {isa = PBXFileReference; lastKnownFileType = wrapper.xcdatamodel; path = _3_playvideo.xcdatamodel; sourceTree = "<group>"; };
		150A64732077FFD30002A9A3 /* Assets.xcassets */ = {isa = PBXFileReference; lastKnownFileType = folder.assetcatalog; path = Assets.xcassets; sourceTree = "<group>"; };
		150A64762077FFD30002A9A3 /* Base */ = {isa = PBXFileReference; lastKnownFileType = file.storyboard; name = Base; path = Base.lproj/LaunchScreen.storyboard; sourceTree = "<group>"; };
		150A64782077FFD30002A9A3 /* Info.plist */ = {isa = PBXFileReference; lastKnownFileType = text.plist.xml; path = Info.plist; sourceTree = "<group>"; };
		150A647E207800FD0002A9A3 /* zone.mp4 */ = {isa = PBXFileReference; lastKnownFileType = file; path = zone.mp4; sourceTree = "<group>"; };
/* End PBXFileReference section */

/* Begin PBXFrameworksBuildPhase section */
		150A64632077FFD20002A9A3 /* Frameworks */ = {
			isa = PBXFrameworksBuildPhase;
			buildActionMask = 2147483647;
			files = (
			);
			runOnlyForDeploymentPostprocessing = 0;
		};
/* End PBXFrameworksBuildPhase section */

/* Begin PBXGroup section */
		150A645D2077FFD20002A9A3 = {
			isa = PBXGroup;
			children = (
				150A64682077FFD20002A9A3 /* 03 playvideo */,
				150A64672077FFD20002A9A3 /* Products */,
			);
			sourceTree = "<group>";
		};
		150A64672077FFD20002A9A3 /* Products */ = {
			isa = PBXGroup;
			children = (
				150A64662077FFD20002A9A3 /* 03 playvideo.app */,
			);
			name = Products;
			sourceTree = "<group>";
		};
		150A64682077FFD20002A9A3 /* 03 playvideo */ = {
			isa = PBXGroup;
			children = (
				150A64692077FFD20002A9A3 /* AppDelegate.swift */,
				150A646B2077FFD20002A9A3 /* ViewController.swift */,
				150A646D2077FFD20002A9A3 /* Main.storyboard */,
				150A64732077FFD30002A9A3 /* Assets.xcassets */,
				150A64752077FFD30002A9A3 /* LaunchScreen.storyboard */,
				150A64782077FFD30002A9A3 /* Info.plist */,
				150A64702077FFD20002A9A3 /* _3_playvideo.xcdatamodeld */,
				150A647E207800FD0002A9A3 /* zone.mp4 */,
			);
			path = "03 playvideo";
			sourceTree = "<group>";
		};
/* End PBXGroup section */

/* Begin PBXNativeTarget section */
		150A64652077FFD20002A9A3 /* 03 playvideo */ = {
			isa = PBXNativeTarget;
			buildConfigurationList = 150A647B2077FFD30002A9A3 /* Build configuration list for PBXNativeTarget "03 playvideo" */;
			buildPhases = (
				150A64622077FFD20002A9A3 /* Sources */,
				150A64632077FFD20002A9A3 /* Frameworks */,
				150A64642077FFD20002A9A3 /* Resources */,
			);
			buildRules = (
			);
			dependencies = (
			);
			name = "03 playvideo";
			productName = "03 playvideo";
			productReference = 150A64662077FFD20002A9A3 /* 03 playvideo.app */;
			productType = "com.apple.product-type.application";
		};
/* End PBXNativeTarget section */

/* Begin PBXProject section */
		150A645E2077FFD20002A9A3 /* Project object */ = {
			isa = PBXProject;
			attributes = {
				LastSwiftUpdateCheck = 0930;
				LastUpgradeCheck = 0930;
				ORGANIZATIONNAME = 1;
				TargetAttributes = {
					150A64652077FFD20002A9A3 = {
						CreatedOnToolsVersion = 9.3;
					};
				};
			};
			buildConfigurationList = 150A64612077FFD20002A9A3 /* Build configuration list for PBXProject "03 playvideo" */;
			compatibilityVersion = "Xcode 9.3";
			developmentRegion = en;
			hasScannedForEncodings = 0;
			knownRegions = (
				en,
				Base,
			);
			mainGroup = 150A645D2077FFD20002A9A3;
			productRefGroup = 150A64672077FFD20002A9A3 /* Products */;
			projectDirPath = "";
			projectRoot = "";
			targets = (
				150A64652077FFD20002A9A3 /* 03 playvideo */,
			);
		};
/* End PBXProject section */

/* Begin PBXResourcesBuildPhase section */
		150A64642077FFD20002A9A3 /* Resources */ = {
			isa = PBXResourcesBuildPhase;
			buildActionMask = 2147483647;
			files = (
				150A64772077FFD30002A9A3 /* LaunchScreen.storyboard in Resources */,
				150A64742077FFD30002A9A3 /* Assets.xcassets in Resources */,
				150A646F2077FFD20002A9A3 /* Main.storyboard in Resources */,
				150A647F207805D60002A9A3 /* zone.mp4 in Resources */,
			);
			runOnlyForDeploymentPostprocessing = 0;
		};
/* End PBXResourcesBuildPhase section */

/* Begin PBXSourcesBuildPhase section */
		150A64622077FFD20002A9A3 /* Sources */ = {
			isa = PBXSourcesBuildPhase;
			buildActionMask = 2147483647;
			files = (
				150A646C2077FFD20002A9A3 /* ViewController.swift in Sources */,
				150A64722077FFD20002A9A3 /* _3_playvideo.xcdatamodeld in Sources */,
				150A646A2077FFD20002A9A3 /* AppDelegate.swift in Sources */,
			);
			runOnlyForDeploymentPostprocessing = 0;
		};
/* End PBXSourcesBuildPhase section */

/* Begin PBXVariantGroup section */
		150A646D2077FFD20002A9A3 /* Main.storyboard */ = {
			isa = PBXVariantGroup;
			children = (
				150A646E2077FFD20002A9A3 /* Base */,
			);
			name = Main.storyboard;
			sourceTree = "<group>";
		};
		150A64752077FFD30002A9A3 /* LaunchScreen.storyboard */ = {
			isa = PBXVariantGroup;
			children = (
				150A64762077FFD30002A9A3 /* Base */,
			);
			name = LaunchScreen.storyboard;
			sourceTree = "<group>";
		};
/* End PBXVariantGroup section */

/* Begin XCBuildConfiguration section */
		150A64792077FFD30002A9A3 /* Debug */ = {
			isa = XCBuildConfiguration;
			buildSettings = {
				ALWAYS_SEARCH_USER_PATHS = NO;
				CLANG_ANALYZER_NONNULL = YES;
				CLANG_ANALYZER_NUMBER_OBJECT_CONVERSION = YES_AGGRESSIVE;
				CLANG_CXX_LANGUAGE_STANDARD = "gnu++14";
				CLANG_CXX_LIBRARY = "libc++";
				CLANG_ENABLE_MODULES = YES;
				CLANG_ENABLE_OBJC_ARC = YES;
				CLANG_ENABLE_OBJC_WEAK = YES;
				CLANG_WARN_BLOCK_CAPTURE_AUTORELEASING = YES;
				CLANG_WARN_BOOL_CONVERSION = YES;
				CLANG_WARN_COMMA = YES;
				CLANG_WARN_CONSTANT_CONVERSION = YES;
				CLANG_WARN_DEPRECATED_OBJC_IMPLEMENTATIONS = YES;
				CLANG_WARN_DIRECT_OBJC_ISA_USAGE = YES_ERROR;
				CLANG_WARN_DOCUMENTATION_COMMENTS = YES;
				CLANG_WARN_EMPTY_BODY = YES;
				CLANG_WARN_ENUM_CONVERSION = YES;
				CLANG_WARN_INFINITE_RECURSION = YES;
				CLANG_WARN_INT_CONVERSION = YES;
				CLANG_WARN_NON_LITERAL_NULL_CONVERSION = YES;
				CLANG_WARN_OBJC_IMPLICIT_RETAIN_SELF = YES;
				CLANG_WARN_OBJC_LITERAL_CONVERSION = YES;
				CLANG_WARN_OBJC_ROOT_CLASS = YES_ERROR;
				CLANG_WARN_RANGE_LOOP_ANALYSIS = YES;
				CLANG_WARN_STRICT_PROTOTYPES = YES;
				CLANG_WARN_SUSPICIOUS_MOVE = YES;
				CLANG_WARN_UNGUARDED_AVAILABILITY = YES_AGGRESSIVE;
				CLANG_WARN_UNREACHABLE_CODE = YES;
				CLANG_WARN__DUPLICATE_METHOD_MATCH = YES;
				CODE_SIGN_IDENTITY = "iPhone Developer";
				COPY_PHASE_STRIP = NO;
				DEBUG_INFORMATION_FORMAT = dwarf;
				ENABLE_STRICT_OBJC_MSGSEND = YES;
				ENABLE_TESTABILITY = YES;
				GCC_C_LANGUAGE_STANDARD = gnu11;
				GCC_DYNAMIC_NO_PIC = NO;
				GCC_NO_COMMON_BLOCKS = YES;
				GCC_OPTIMIZATION_LEVEL = 0;
				GCC_PREPROCESSOR_DEFINITIONS = (
					"DEBUG=1",
					"$(inherited)",
				);
				GCC_WARN_64_TO_32_BIT_CONVERSION = YES;
				GCC_WARN_ABOUT_RETURN_TYPE = YES_ERROR;
				GCC_WARN_UNDECLARED_SELECTOR = YES;
				GCC_WARN_UNINITIALIZED_AUTOS = YES_AGGRESSIVE;
				GCC_WARN_UNUSED_FUNCTION = YES;
				GCC_WARN_UNUSED_VARIABLE = YES;
				IPHONEOS_DEPLOYMENT_TARGET = 11.3;
				MTL_ENABLE_DEBUG_INFO = YES;
				ONLY_ACTIVE_ARCH = YES;
				SDKROOT = iphoneos;
				SWIFT_ACTIVE_COMPILATION_CONDITIONS = DEBUG;
				SWIFT_OPTIMIZATION_LEVEL = "-Onone";
			};
			name = Debug;
		};
		150A647A2077FFD30002A9A3 /* Release */ = {
			isa = XCBuildConfiguration;
			buildSettings = {
				ALWAYS_SEARCH_USER_PATHS = NO;
				CLANG_ANALYZER_NONNULL = YES;
				CLANG_ANALYZER_NUMBER_OBJECT_CONVERSION = YES_AGGRESSIVE;
				CLANG_CXX_LANGUAGE_STANDARD = "gnu++14";
				CLANG_CXX_LIBRARY = "libc++";
				CLANG_ENABLE_MODULES = YES;
				CLANG_ENABLE_OBJC_ARC = YES;
				CLANG_ENABLE_OBJC_WEAK = YES;
				CLANG_WARN_BLOCK_CAPTURE_AUTORELEASING = YES;
				CLANG_WARN_BOOL_CONVERSION = YES;
				CLANG_WARN_COMMA = YES;
				CLANG_WARN_CONSTANT_CONVERSION = YES;
				CLANG_WARN_DEPRECATED_OBJC_IMPLEMENTATIONS = YES;
				CLANG_WARN_DIRECT_OBJC_ISA_USAGE = YES_ERROR;
				CLANG_WARN_DOCUMENTATION_COMMENTS = YES;
				CLANG_WARN_EMPTY_BODY = YES;
				CLANG_WARN_ENUM_CONVERSION = YES;
				CLANG_WARN_INFINITE_RECURSION = YES;
				CLANG_WARN_INT_CONVERSION = YES;
				CLANG_WARN_NON_LITERAL_NULL_CONVERSION = YES;
				CLANG_WARN_OBJC_IMPLICIT_RETAIN_SELF = YES;
				CLANG_WARN_OBJC_LITERAL_CONVERSION = YES;
				CLANG_WARN_OBJC_ROOT_CLASS = YES_ERROR;
				CLANG_WARN_RANGE_LOOP_ANALYSIS = YES;
				CLANG_WARN_STRICT_PROTOTYPES = YES;
				CLANG_WARN_SUSPICIOUS_MOVE = YES;
				CLANG_WARN_UNGUARDED_AVAILABILITY = YES_AGGRESSIVE;
				CLANG_WARN_UNREACHABLE_CODE = YES;
				CLANG_WARN__DUPLICATE_METHOD_MATCH = YES;
				CODE_SIGN_IDENTITY = "iPhone Developer";
				COPY_PHASE_STRIP = NO;
				DEBUG_INFORMATION_FORMAT = "dwarf-with-dsym";
				ENABLE_NS_ASSERTIONS = NO;
				ENABLE_STRICT_OBJC_MSGSEND = YES;
				GCC_C_LANGUAGE_STANDARD = gnu11;
				GCC_NO_COMMON_BLOCKS = YES;
				GCC_WARN_64_TO_32_BIT_CONVERSION = YES;
				GCC_WARN_ABOUT_RETURN_TYPE = YES_ERROR;
				GCC_WARN_UNDECLARED_SELECTOR = YES;
				GCC_WARN_UNINITIALIZED_AUTOS = YES_AGGRESSIVE;
				GCC_WARN_UNUSED_FUNCTION = YES;
				GCC_WARN_UNUSED_VARIABLE = YES;
				IPHONEOS_DEPLOYMENT_TARGET = 11.3;
				MTL_ENABLE_DEBUG_INFO = NO;
				SDKROOT = iphoneos;
				SWIFT_COMPILATION_MODE = wholemodule;
				SWIFT_OPTIMIZATION_LEVEL = "-O";
				VALIDATE_PRODUCT = YES;
			};
			name = Release;
		};
		150A647C2077FFD30002A9A3 /* Debug */ = {
			isa = XCBuildConfiguration;
			buildSettings = {
				ASSETCATALOG_COMPILER_APPICON_NAME = AppIcon;
				CODE_SIGN_STYLE = Automatic;
				INFOPLIST_FILE = "03 playvideo/Info.plist";
				LD_RUNPATH_SEARCH_PATHS = (
					"$(inherited)",
					"@executable_path/Frameworks",
				);
				PRODUCT_BUNDLE_IDENTIFIER = ru.apple.1;
				PRODUCT_NAME = "$(TARGET_NAME)";
				SWIFT_VERSION = 4.0;
				TARGETED_DEVICE_FAMILY = "1,2";
			};
			name = Debug;
		};
		150A647D2077FFD30002A9A3 /* Release */ = {
			isa = XCBuildConfiguration;
			buildSettings = {
				ASSETCATALOG_COMPILER_APPICON_NAME = AppIcon;
				CODE_SIGN_STYLE = Automatic;
				INFOPLIST_FILE = "03 playvideo/Info.plist";
				LD_RUNPATH_SEARCH_PATHS = (
					"$(inherited)",
					"@executable_path/Frameworks",
				);
				PRODUCT_BUNDLE_IDENTIFIER = ru.apple.1;
				PRODUCT_NAME = "$(TARGET_NAME)";
				SWIFT_VERSION = 4.0;
				TARGETED_DEVICE_FAMILY = "1,2";
			};
			name = Release;
		};
/* End XCBuildConfiguration section */

/* Begin XCConfigurationList section */
		150A64612077FFD20002A9A3 /* Build configuration list for PBXProject "03 playvideo" */ = {
			isa = XCConfigurationList;
			buildConfigurations = (
				150A64792077FFD30002A9A3 /* Debug */,
				150A647A2077FFD30002A9A3 /* Release */,
			);
			defaultConfigurationIsVisible = 0;
			defaultConfigurationName = Release;
		};
		150A647B2077FFD30002A9A3 /* Build configuration list for PBXNativeTarget "03 playvideo" */ = {
			isa = XCConfigurationList;
			buildConfigurations = (
				150A647C2077FFD30002A9A3 /* Debug */,
				150A647D2077FFD30002A9A3 /* Release */,
			);
			defaultConfigurationIsVisible = 0;
			defaultConfigurationName = Release;
		};
/* End XCConfigurationList section */

/* Begin XCVersionGroup section */
		150A64702077FFD20002A9A3 /* _3_playvideo.xcdatamodeld */ = {
			isa = XCVersionGroup;
			children = (
				150A64712077FFD20002A9A3 /* _3_playvideo.xcdatamodel */,
			);
			currentVersion = 150A64712077FFD20002A9A3 /* _3_playvideo.xcdatamodel */;
			path = _3_playvideo.xcdatamodeld;
			sourceTree = "<group>";
			versionGroupType = wrapper.xcdatamodel;
		};
/* End XCVersionGroup section */
	};
	rootObject = 150A645E2077FFD20002A9A3 /* Project object */;
}
