// !$*UTF8*$!
{
	archiveVersion = 1;
	classes = {
	};
	objectVersion = 50;
	objects = {

/* Begin PBXBuildFile section */
		150A64D92078ED7C0002A9A3 /* AppDelegate.swift in Sources */ = {isa = PBXBuildFile; fileRef = 150A64D82078ED7C0002A9A3 /* AppDelegate.swift */; };
		150A64DB2078ED7C0002A9A3 /* ViewController.swift in Sources */ = {isa = PBXBuildFile; fileRef = 150A64DA2078ED7C0002A9A3 /* ViewController.swift */; };
		150A64DE2078ED7C0002A9A3 /* Main.storyboard in Resources */ = {isa = PBXBuildFile; fileRef = 150A64DC2078ED7C0002A9A3 /* Main.storyboard */; };
		150A64E12078ED7C0002A9A3 /* _6_location.xcdatamodeld in Sources */ = {isa = PBXBuildFile; fileRef = 150A64DF2078ED7C0002A9A3 /* _6_location.xcdatamodeld */; };
		150A64E32078ED7D0002A9A3 /* Assets.xcassets in Resources */ = {isa = PBXBuildFile; fileRef = 150A64E22078ED7D0002A9A3 /* Assets.xcassets */; };
		150A64E62078ED7D0002A9A3 /* LaunchScreen.storyboard in Resources */ = {isa = PBXBuildFile; fileRef = 150A64E42078ED7D0002A9A3 /* LaunchScreen.storyboard */; };
		150A64EE2078EF8F0002A9A3 /* LocationManager.swift in Sources */ = {isa = PBXBuildFile; fileRef = 150A64ED2078EF8F0002A9A3 /* LocationManager.swift */; };
/* End PBXBuildFile section */

/* Begin PBXFileReference section */
		150A64D52078ED7C0002A9A3 /* 06 location.app */ = {isa = PBXFileReference; explicitFileType = wrapper.application; includeInIndex = 0; path = "06 location.app"; sourceTree = BUILT_PRODUCTS_DIR; };
		150A64D82078ED7C0002A9A3 /* AppDelegate.swift */ = {isa = PBXFileReference; lastKnownFileType = sourcecode.swift; path = AppDelegate.swift; sourceTree = "<group>"; };
		150A64DA2078ED7C0002A9A3 /* ViewController.swift */ = {isa = PBXFileReference; lastKnownFileType = sourcecode.swift; path = ViewController.swift; sourceTree = "<group>"; };
		150A64DD2078ED7C0002A9A3 /* Base */ = {isa = PBXFileReference; lastKnownFileType = file.storyboard; name = Base; path = Base.lproj/Main.storyboard; sourceTree = "<group>"; };
		150A64E02078ED7C0002A9A3 /* _6_location.xcdatamodel */ = {isa = PBXFileReference; lastKnownFileType = wrapper.xcdatamodel; path = _6_location.xcdatamodel; sourceTree = "<group>"; };
		150A64E22078ED7D0002A9A3 /* Assets.xcassets */ = {isa = PBXFileReference; lastKnownFileType = folder.assetcatalog; path = Assets.xcassets; sourceTree = "<group>"; };
		150A64E52078ED7D0002A9A3 /* Base */ = {isa = PBXFileReference; lastKnownFileType = file.storyboard; name = Base; path = Base.lproj/LaunchScreen.storyboard; sourceTree = "<group>"; };
		150A64E72078ED7D0002A9A3 /* Info.plist */ = {isa = PBXFileReference; lastKnownFileType = text.plist.xml; path = Info.plist; sourceTree = "<group>"; };
		150A64ED2078EF8F0002A9A3 /* LocationManager.swift */ = {isa = PBXFileReference; lastKnownFileType = sourcecode.swift; path = LocationManager.swift; sourceTree = "<group>"; };
/* End PBXFileReference section */

/* Begin PBXFrameworksBuildPhase section */
		150A64D22078ED7C0002A9A3 /* Frameworks */ = {
			isa = PBXFrameworksBuildPhase;
			buildActionMask = 2147483647;
			files = (
			);
			runOnlyForDeploymentPostprocessing = 0;
		};
/* End PBXFrameworksBuildPhase section */

/* Begin PBXGroup section */
		150A64CC2078ED7C0002A9A3 = {
			isa = PBXGroup;
			children = (
				150A64D72078ED7C0002A9A3 /* 06 location */,
				150A64D62078ED7C0002A9A3 /* Products */,
			);
			sourceTree = "<group>";
		};
		150A64D62078ED7C0002A9A3 /* Products */ = {
			isa = PBXGroup;
			children = (
				150A64D52078ED7C0002A9A3 /* 06 location.app */,
			);
			name = Products;
			sourceTree = "<group>";
		};
		150A64D72078ED7C0002A9A3 /* 06 location */ = {
			isa = PBXGroup;
			children = (
				150A64D82078ED7C0002A9A3 /* AppDelegate.swift */,
				150A64DA2078ED7C0002A9A3 /* ViewController.swift */,
				150A64DC2078ED7C0002A9A3 /* Main.storyboard */,
				150A64ED2078EF8F0002A9A3 /* LocationManager.swift */,
				150A64E22078ED7D0002A9A3 /* Assets.xcassets */,
				150A64E42078ED7D0002A9A3 /* LaunchScreen.storyboard */,
				150A64E72078ED7D0002A9A3 /* Info.plist */,
				150A64DF2078ED7C0002A9A3 /* _6_location.xcdatamodeld */,
			);
			path = "06 location";
			sourceTree = "<group>";
		};
/* End PBXGroup section */

/* Begin PBXNativeTarget section */
		150A64D42078ED7C0002A9A3 /* 06 location */ = {
			isa = PBXNativeTarget;
			buildConfigurationList = 150A64EA2078ED7D0002A9A3 /* Build configuration list for PBXNativeTarget "06 location" */;
			buildPhases = (
				150A64D12078ED7C0002A9A3 /* Sources */,
				150A64D22078ED7C0002A9A3 /* Frameworks */,
				150A64D32078ED7C0002A9A3 /* Resources */,
			);
			buildRules = (
			);
			dependencies = (
			);
			name = "06 location";
			productName = "06 location";
			productReference = 150A64D52078ED7C0002A9A3 /* 06 location.app */;
			productType = "com.apple.product-type.application";
		};
/* End PBXNativeTarget section */

/* Begin PBXProject section */
		150A64CD2078ED7C0002A9A3 /* Project object */ = {
			isa = PBXProject;
			attributes = {
				LastSwiftUpdateCheck = 0930;
				LastUpgradeCheck = 0930;
				ORGANIZATIONNAME = 1;
				TargetAttributes = {
					150A64D42078ED7C0002A9A3 = {
						CreatedOnToolsVersion = 9.3;
					};
				};
			};
			buildConfigurationList = 150A64D02078ED7C0002A9A3 /* Build configuration list for PBXProject "06 location" */;
			compatibilityVersion = "Xcode 9.3";
			developmentRegion = en;
			hasScannedForEncodings = 0;
			knownRegions = (
				en,
				Base,
			);
			mainGroup = 150A64CC2078ED7C0002A9A3;
			productRefGroup = 150A64D62078ED7C0002A9A3 /* Products */;
			projectDirPath = "";
			projectRoot = "";
			targets = (
				150A64D42078ED7C0002A9A3 /* 06 location */,
			);
		};
/* End PBXProject section */

/* Begin PBXResourcesBuildPhase section */
		150A64D32078ED7C0002A9A3 /* Resources */ = {
			isa = PBXResourcesBuildPhase;
			buildActionMask = 2147483647;
			files = (
				150A64E62078ED7D0002A9A3 /* LaunchScreen.storyboard in Resources */,
				150A64E32078ED7D0002A9A3 /* Assets.xcassets in Resources */,
				150A64DE2078ED7C0002A9A3 /* Main.storyboard in Resources */,
			);
			runOnlyForDeploymentPostprocessing = 0;
		};
/* End PBXResourcesBuildPhase section */

/* Begin PBXSourcesBuildPhase section */
		150A64D12078ED7C0002A9A3 /* Sources */ = {
			isa = PBXSourcesBuildPhase;
			buildActionMask = 2147483647;
			files = (
				150A64EE2078EF8F0002A9A3 /* LocationManager.swift in Sources */,
				150A64E12078ED7C0002A9A3 /* _6_location.xcdatamodeld in Sources */,
				150A64DB2078ED7C0002A9A3 /* ViewController.swift in Sources */,
				150A64D92078ED7C0002A9A3 /* AppDelegate.swift in Sources */,
			);
			runOnlyForDeploymentPostprocessing = 0;
		};
/* End PBXSourcesBuildPhase section */

/* Begin PBXVariantGroup section */
		150A64DC2078ED7C0002A9A3 /* Main.storyboard */ = {
			isa = PBXVariantGroup;
			children = (
				150A64DD2078ED7C0002A9A3 /* Base */,
			);
			name = Main.storyboard;
			sourceTree = "<group>";
		};
		150A64E42078ED7D0002A9A3 /* LaunchScreen.storyboard */ = {
			isa = PBXVariantGroup;
			children = (
				150A64E52078ED7D0002A9A3 /* Base */,
			);
			name = LaunchScreen.storyboard;
			sourceTree = "<group>";
		};
/* End PBXVariantGroup section */

/* Begin XCBuildConfiguration section */
		150A64E82078ED7D0002A9A3 /* Debug */ = {
			isa = XCBuildConfiguration;
			buildSettings = {
				ALWAYS_SEARCH_USER_PATHS = NO;
				CLANG_ANALYZER_NONNULL = YES;
				CLANG_ANALYZER_NUMBER_OBJECT_CONVERSION = YES_AGGRESSIVE;
				CLANG_CXX_LANGUAGE_STANDARD = "gnu++14";
				CLANG_CXX_LIBRARY = "libc++";
				CLANG_ENABLE_MODULES = YES;
				CLANG_ENABLE_OBJC_ARC = YES;
				CLANG_ENABLE_OBJC_WEAK = YES;
				CLANG_WARN_BLOCK_CAPTURE_AUTORELEASING = YES;
				CLANG_WARN_BOOL_CONVERSION = YES;
				CLANG_WARN_COMMA = YES;
				CLANG_WARN_CONSTANT_CONVERSION = YES;
				CLANG_WARN_DEPRECATED_OBJC_IMPLEMENTATIONS = YES;
				CLANG_WARN_DIRECT_OBJC_ISA_USAGE = YES_ERROR;
				CLANG_WARN_DOCUMENTATION_COMMENTS = YES;
				CLANG_WARN_EMPTY_BODY = YES;
				CLANG_WARN_ENUM_CONVERSION = YES;
				CLANG_WARN_INFINITE_RECURSION = YES;
				CLANG_WARN_INT_CONVERSION = YES;
				CLANG_WARN_NON_LITERAL_NULL_CONVERSION = YES;
				CLANG_WARN_OBJC_IMPLICIT_RETAIN_SELF = YES;
				CLANG_WARN_OBJC_LITERAL_CONVERSION = YES;
				CLANG_WARN_OBJC_ROOT_CLASS = YES_ERROR;
				CLANG_WARN_RANGE_LOOP_ANALYSIS = YES;
				CLANG_WARN_STRICT_PROTOTYPES = YES;
				CLANG_WARN_SUSPICIOUS_MOVE = YES;
				CLANG_WARN_UNGUARDED_AVAILABILITY = YES_AGGRESSIVE;
				CLANG_WARN_UNREACHABLE_CODE = YES;
				CLANG_WARN__DUPLICATE_METHOD_MATCH = YES;
				CODE_SIGN_IDENTITY = "iPhone Developer";
				COPY_PHASE_STRIP = NO;
				DEBUG_INFORMATION_FORMAT = dwarf;
				ENABLE_STRICT_OBJC_MSGSEND = YES;
				ENABLE_TESTABILITY = YES;
				GCC_C_LANGUAGE_STANDARD = gnu11;
				GCC_DYNAMIC_NO_PIC = NO;
				GCC_NO_COMMON_BLOCKS = YES;
				GCC_OPTIMIZATION_LEVEL = 0;
				GCC_PREPROCESSOR_DEFINITIONS = (
					"DEBUG=1",
					"$(inherited)",
				);
				GCC_WARN_64_TO_32_BIT_CONVERSION = YES;
				GCC_WARN_ABOUT_RETURN_TYPE = YES_ERROR;
				GCC_WARN_UNDECLARED_SELECTOR = YES;
				GCC_WARN_UNINITIALIZED_AUTOS = YES_AGGRESSIVE;
				GCC_WARN_UNUSED_FUNCTION = YES;
				GCC_WARN_UNUSED_VARIABLE = YES;
				IPHONEOS_DEPLOYMENT_TARGET = 11.3;
				MTL_ENABLE_DEBUG_INFO = YES;
				ONLY_ACTIVE_ARCH = YES;
				SDKROOT = iphoneos;
				SWIFT_ACTIVE_COMPILATION_CONDITIONS = DEBUG;
				SWIFT_OPTIMIZATION_LEVEL = "-Onone";
			};
			name = Debug;
		};
		150A64E92078ED7D0002A9A3 /* Release */ = {
			isa = XCBuildConfiguration;
			buildSettings = {
				ALWAYS_SEARCH_USER_PATHS = NO;
				CLANG_ANALYZER_NONNULL = YES;
				CLANG_ANALYZER_NUMBER_OBJECT_CONVERSION = YES_AGGRESSIVE;
				CLANG_CXX_LANGUAGE_STANDARD = "gnu++14";
				CLANG_CXX_LIBRARY = "libc++";
				CLANG_ENABLE_MODULES = YES;
				CLANG_ENABLE_OBJC_ARC = YES;
				CLANG_ENABLE_OBJC_WEAK = YES;
				CLANG_WARN_BLOCK_CAPTURE_AUTORELEASING = YES;
				CLANG_WARN_BOOL_CONVERSION = YES;
				CLANG_WARN_COMMA = YES;
				CLANG_WARN_CONSTANT_CONVERSION = YES;
				CLANG_WARN_DEPRECATED_OBJC_IMPLEMENTATIONS = YES;
				CLANG_WARN_DIRECT_OBJC_ISA_USAGE = YES_ERROR;
				CLANG_WARN_DOCUMENTATION_COMMENTS = YES;
				CLANG_WARN_EMPTY_BODY = YES;
				CLANG_WARN_ENUM_CONVERSION = YES;
				CLANG_WARN_INFINITE_RECURSION = YES;
				CLANG_WARN_INT_CONVERSION = YES;
				CLANG_WARN_NON_LITERAL_NULL_CONVERSION = YES;
				CLANG_WARN_OBJC_IMPLICIT_RETAIN_SELF = YES;
				CLANG_WARN_OBJC_LITERAL_CONVERSION = YES;
				CLANG_WARN_OBJC_ROOT_CLASS = YES_ERROR;
				CLANG_WARN_RANGE_LOOP_ANALYSIS = YES;
				CLANG_WARN_STRICT_PROTOTYPES = YES;
				CLANG_WARN_SUSPICIOUS_MOVE = YES;
				CLANG_WARN_UNGUARDED_AVAILABILITY = YES_AGGRESSIVE;
				CLANG_WARN_UNREACHABLE_CODE = YES;
				CLANG_WARN__DUPLICATE_METHOD_MATCH = YES;
				CODE_SIGN_IDENTITY = "iPhone Developer";
				COPY_PHASE_STRIP = NO;
				DEBUG_INFORMATION_FORMAT = "dwarf-with-dsym";
				ENABLE_NS_ASSERTIONS = NO;
				ENABLE_STRICT_OBJC_MSGSEND = YES;
				GCC_C_LANGUAGE_STANDARD = gnu11;
				GCC_NO_COMMON_BLOCKS = YES;
				GCC_WARN_64_TO_32_BIT_CONVERSION = YES;
				GCC_WARN_ABOUT_RETURN_TYPE = YES_ERROR;
				GCC_WARN_UNDECLARED_SELECTOR = YES;
				GCC_WARN_UNINITIALIZED_AUTOS = YES_AGGRESSIVE;
				GCC_WARN_UNUSED_FUNCTION = YES;
				GCC_WARN_UNUSED_VARIABLE = YES;
				IPHONEOS_DEPLOYMENT_TARGET = 11.3;
				MTL_ENABLE_DEBUG_INFO = NO;
				SDKROOT = iphoneos;
				SWIFT_COMPILATION_MODE = wholemodule;
				SWIFT_OPTIMIZATION_LEVEL = "-O";
				VALIDATE_PRODUCT = YES;
			};
			name = Release;
		};
		150A64EB2078ED7D0002A9A3 /* Debug */ = {
			isa = XCBuildConfiguration;
			buildSettings = {
				ASSETCATALOG_COMPILER_APPICON_NAME = AppIcon;
				CODE_SIGN_STYLE = Automatic;
				INFOPLIST_FILE = "06 location/Info.plist";
				LD_RUNPATH_SEARCH_PATHS = (
					"$(inherited)",
					"@executable_path/Frameworks",
				);
				PRODUCT_BUNDLE_IDENTIFIER = ru.apple.1;
				PRODUCT_NAME = "$(TARGET_NAME)";
				SWIFT_VERSION = 4.0;
				TARGETED_DEVICE_FAMILY = "1,2";
			};
			name = Debug;
		};
		150A64EC2078ED7D0002A9A3 /* Release */ = {
			isa = XCBuildConfiguration;
			buildSettings = {
				ASSETCATALOG_COMPILER_APPICON_NAME = AppIcon;
				CODE_SIGN_STYLE = Automatic;
				INFOPLIST_FILE = "06 location/Info.plist";
				LD_RUNPATH_SEARCH_PATHS = (
					"$(inherited)",
					"@executable_path/Frameworks",
				);
				PRODUCT_BUNDLE_IDENTIFIER = ru.apple.1;
				PRODUCT_NAME = "$(TARGET_NAME)";
				SWIFT_VERSION = 4.0;
				TARGETED_DEVICE_FAMILY = "1,2";
			};
			name = Release;
		};
/* End XCBuildConfiguration section */

/* Begin XCConfigurationList section */
		150A64D02078ED7C0002A9A3 /* Build configuration list for PBXProject "06 location" */ = {
			isa = XCConfigurationList;
			buildConfigurations = (
				150A64E82078ED7D0002A9A3 /* Debug */,
				150A64E92078ED7D0002A9A3 /* Release */,
			);
			defaultConfigurationIsVisible = 0;
			defaultConfigurationName = Release;
		};
		150A64EA2078ED7D0002A9A3 /* Build configuration list for PBXNativeTarget "06 location" */ = {
			isa = XCConfigurationList;
			buildConfigurations = (
				150A64EB2078ED7D0002A9A3 /* Debug */,
				150A64EC2078ED7D0002A9A3 /* Release */,
			);
			defaultConfigurationIsVisible = 0;
			defaultConfigurationName = Release;
		};
/* End XCConfigurationList section */

/* Begin XCVersionGroup section */
		150A64DF2078ED7C0002A9A3 /* _6_location.xcdatamodeld */ = {
			isa = XCVersionGroup;
			children = (
				150A64E02078ED7C0002A9A3 /* _6_location.xcdatamodel */,
			);
			currentVersion = 150A64E02078ED7C0002A9A3 /* _6_location.xcdatamodel */;
			path = _6_location.xcdatamodeld;
			sourceTree = "<group>";
			versionGroupType = wrapper.xcdatamodel;
		};
/* End XCVersionGroup section */
	};
	rootObject = 150A64CD2078ED7C0002A9A3 /* Project object */;
}
